
Microsoft Visual Studio Solution File, Format Version 12.00
# Visual Studio Version 17
VisualStudioVersion = 17.12.35209.166
MinimumVisualStudioVersion = 10.0.40219.1
Project("{FAE04EC0-301F-11D3-BF4B-00C04F79EFBC}") = "01_TightCouplingDepency", "01_TightCouplingDepency\01_TightCouplingDepency.csproj", "{7B0AE684-4CF1-4CEE-979F-C841454FE3C9}"
EndProject
Project("{FAE04EC0-301F-11D3-BF4B-00C04F79EFBC}") = "02_LooseCouplingDepency", "02_LooseCouplingDepency\02_LooseCouplingDepency.csproj", "{213C9013-4858-46D9-8BF9-3B2422BFB1C6}"
EndProject
Project("{FAE04EC0-301F-11D3-BF4B-00C04F79EFBC}") = "03_SingleResponsibilityPrinciple", "03_SingleResponsibilityPrinciple\03_SingleResponsibilityPrinciple.csproj", "{CD98148D-D0DB-4188-ADA8-80376247E491}"
EndProject
Project("{FAE04EC0-301F-11D3-BF4B-00C04F79EFBC}") = "04_OpenClosedPrinciple", "04_OpenClosedPrinciple\04_OpenClosedPrinciple.csproj", "{B7651B9B-604A-4AD4-813A-41492D04650B}"
EndProject
Project("{FAE04EC0-301F-11D3-BF4B-00C04F79EFBC}") = "05_LiskovSubstitutionPrinciple", "05_LiskovSubstitutionPrinciple\05_LiskovSubstitutionPrinciple.csproj", "{7D5BD8EF-DA73-4AE5-84C4-23B9C3F690DA}"
EndProject
Project("{FAE04EC0-301F-11D3-BF4B-00C04F79EFBC}") = "06_InterfaceSegregationPrinciple", "06_InterfaceSegregationPrinciple\06_InterfaceSegregationPrinciple.csproj", "{9F37BC61-5A80-4639-AA06-27EE35C3622B}"
EndProject
Global
	GlobalSection(SolutionConfigurationPlatforms) = preSolution
		Debug|Any CPU = Debug|Any CPU
		Release|Any CPU = Release|Any CPU
	EndGlobalSection
	GlobalSection(ProjectConfigurationPlatforms) = postSolution
		{7B0AE684-4CF1-4CEE-979F-C841454FE3C9}.Debug|Any CPU.ActiveCfg = Debug|Any CPU
		{7B0AE684-4CF1-4CEE-979F-C841454FE3C9}.Debug|Any CPU.Build.0 = Debug|Any CPU
		{7B0AE684-4CF1-4CEE-979F-C841454FE3C9}.Release|Any CPU.ActiveCfg = Release|Any CPU
		{7B0AE684-4CF1-4CEE-979F-C841454FE3C9}.Release|Any CPU.Build.0 = Release|Any CPU
		{213C9013-4858-46D9-8BF9-3B2422BFB1C6}.Debug|Any CPU.ActiveCfg = Debug|Any CPU
		{213C9013-4858-46D9-8BF9-3B2422BFB1C6}.Debug|Any CPU.Build.0 = Debug|Any CPU
		{213C9013-4858-46D9-8BF9-3B2422BFB1C6}.Release|Any CPU.ActiveCfg = Release|Any CPU
		{213C9013-4858-46D9-8BF9-3B2422BFB1C6}.Release|Any CPU.Build.0 = Release|Any CPU
		{CD98148D-D0DB-4188-ADA8-80376247E491}.Debug|Any CPU.ActiveCfg = Debug|Any CPU
		{CD98148D-D0DB-4188-ADA8-80376247E491}.Debug|Any CPU.Build.0 = Debug|Any CPU
		{CD98148D-D0DB-4188-ADA8-80376247E491}.Release|Any CPU.ActiveCfg = Release|Any CPU
		{CD98148D-D0DB-4188-ADA8-80376247E491}.Release|Any CPU.Build.0 = Release|Any CPU
		{B7651B9B-604A-4AD4-813A-41492D04650B}.Debug|Any CPU.ActiveCfg = Debug|Any CPU
		{B7651B9B-604A-4AD4-813A-41492D04650B}.Debug|Any CPU.Build.0 = Debug|Any CPU
		{B7651B9B-604A-4AD4-813A-41492D04650B}.Release|Any CPU.ActiveCfg = Release|Any CPU
		{B7651B9B-604A-4AD4-813A-41492D04650B}.Release|Any CPU.Build.0 = Release|Any CPU
		{7D5BD8EF-DA73-4AE5-84C4-23B9C3F690DA}.Debug|Any CPU.ActiveCfg = Debug|Any CPU
		{7D5BD8EF-DA73-4AE5-84C4-23B9C3F690DA}.Debug|Any CPU.Build.0 = Debug|Any CPU
		{7D5BD8EF-DA73-4AE5-84C4-23B9C3F690DA}.Release|Any CPU.ActiveCfg = Release|Any CPU
		{7D5BD8EF-DA73-4AE5-84C4-23B9C3F690DA}.Release|Any CPU.Build.0 = Release|Any CPU
		{9F37BC61-5A80-4639-AA06-27EE35C3622B}.Debug|Any CPU.ActiveCfg = Debug|Any CPU
		{9F37BC61-5A80-4639-AA06-27EE35C3622B}.Debug|Any CPU.Build.0 = Debug|Any CPU
		{9F37BC61-5A80-4639-AA06-27EE35C3622B}.Release|Any CPU.ActiveCfg = Release|Any CPU
		{9F37BC61-5A80-4639-AA06-27EE35C3622B}.Release|Any CPU.Build.0 = Release|Any CPU
	EndGlobalSection
	GlobalSection(SolutionProperties) = preSolution
		HideSolutionNode = FALSE
	EndGlobalSection
	GlobalSection(ExtensibilityGlobals) = postSolution
		SolutionGuid = {E90422BA-1F0E-47FD-9136-F4F162FF03FB}
	EndGlobalSection
EndGlobal
